
Microsoft Visual Studio Solution File, Format Version 12.00
# Visual Studio Version 16
VisualStudioVersion = 16.0.31911.196
MinimumVisualStudioVersion = 10.0.40219.1
Project("{2150E333-8FDC-42A3-9474-1A3956D46DE8}") = "Microservices", "Microservices", "{C4F8014D-A5D7-421C-9869-6C08B8201455}"
EndProject
Project("{FAE04EC0-301F-11D3-BF4B-00C04F79EFBC}") = "WebUI", "WebUI\WebUI.csproj", "{73545854-67F0-42FC-BE17-75D182B05D3C}"
EndProject
Project("{FAE04EC0-301F-11D3-BF4B-00C04F79EFBC}") = "WebTerritoryAPI", "WebTerritoryAPI\WebTerritoryAPI.csproj", "{149DB2EC-5E5E-4581-A545-A0030C42870F}"
EndProject
Project("{FAE04EC0-301F-11D3-BF4B-00C04F79EFBC}") = "Interfaces", "Interfaces\Interfaces.csproj", "{049EE12B-B983-44A5-B6B5-E607A9DBF1E7}"
EndProject
Project("{FAE04EC0-301F-11D3-BF4B-00C04F79EFBC}") = "Middleware", "Middleware\Middleware.csproj", "{3ED7D277-6C81-47A6-A8E5-632F0793711F}"
EndProject
Global
	GlobalSection(SolutionConfigurationPlatforms) = preSolution
		Debug|Any CPU = Debug|Any CPU
		Release|Any CPU = Release|Any CPU
	EndGlobalSection
	GlobalSection(ProjectConfigurationPlatforms) = postSolution
		{73545854-67F0-42FC-BE17-75D182B05D3C}.Debug|Any CPU.ActiveCfg = Debug|Any CPU
		{73545854-67F0-42FC-BE17-75D182B05D3C}.Debug|Any CPU.Build.0 = Debug|Any CPU
		{73545854-67F0-42FC-BE17-75D182B05D3C}.Release|Any CPU.ActiveCfg = Release|Any CPU
		{73545854-67F0-42FC-BE17-75D182B05D3C}.Release|Any CPU.Build.0 = Release|Any CPU
		{149DB2EC-5E5E-4581-A545-A0030C42870F}.Debug|Any CPU.ActiveCfg = Debug|Any CPU
		{149DB2EC-5E5E-4581-A545-A0030C42870F}.Debug|Any CPU.Build.0 = Debug|Any CPU
		{149DB2EC-5E5E-4581-A545-A0030C42870F}.Release|Any CPU.ActiveCfg = Release|Any CPU
		{149DB2EC-5E5E-4581-A545-A0030C42870F}.Release|Any CPU.Build.0 = Release|Any CPU
		{049EE12B-B983-44A5-B6B5-E607A9DBF1E7}.Debug|Any CPU.ActiveCfg = Debug|Any CPU
		{049EE12B-B983-44A5-B6B5-E607A9DBF1E7}.Debug|Any CPU.Build.0 = Debug|Any CPU
		{049EE12B-B983-44A5-B6B5-E607A9DBF1E7}.Release|Any CPU.ActiveCfg = Release|Any CPU
		{049EE12B-B983-44A5-B6B5-E607A9DBF1E7}.Release|Any CPU.Build.0 = Release|Any CPU
		{3ED7D277-6C81-47A6-A8E5-632F0793711F}.Debug|Any CPU.ActiveCfg = Debug|Any CPU
		{3ED7D277-6C81-47A6-A8E5-632F0793711F}.Debug|Any CPU.Build.0 = Debug|Any CPU
		{3ED7D277-6C81-47A6-A8E5-632F0793711F}.Release|Any CPU.ActiveCfg = Release|Any CPU
		{3ED7D277-6C81-47A6-A8E5-632F0793711F}.Release|Any CPU.Build.0 = Release|Any CPU
	EndGlobalSection
	GlobalSection(SolutionProperties) = preSolution
		HideSolutionNode = FALSE
	EndGlobalSection
	GlobalSection(NestedProjects) = preSolution
		{149DB2EC-5E5E-4581-A545-A0030C42870F} = {C4F8014D-A5D7-421C-9869-6C08B8201455}
	EndGlobalSection
	GlobalSection(ExtensibilityGlobals) = postSolution
		SolutionGuid = {BACF23CD-C82B-4002-814D-8D6BB5F057E1}
	EndGlobalSection
EndGlobal
